
Microsoft Visual Studio Solution File, Format Version 12.00
# Visual Studio Version 17
VisualStudioVersion = 17.4.33122.133
MinimumVisualStudioVersion = 10.0.40219.1
Project("{FAE04EC0-301F-11D3-BF4B-00C04F79EFBC}") = "Ceasar Cipher", "Ceasar Cipher\Ceasar Cipher.csproj", "{CC81876D-2E4D-4E00-9EEC-630F6BA0596F}"
EndProject
Global
	GlobalSection(SolutionConfigurationPlatforms) = preSolution
		Debug|Any CPU = Debug|Any CPU
		Release|Any CPU = Release|Any CPU
	EndGlobalSection
	GlobalSection(ProjectConfigurationPlatforms) = postSolution
		{CC81876D-2E4D-4E00-9EEC-630F6BA0596F}.Debug|Any CPU.ActiveCfg = Debug|Any CPU
		{CC81876D-2E4D-4E00-9EEC-630F6BA0596F}.Debug|Any CPU.Build.0 = Debug|Any CPU
		{CC81876D-2E4D-4E00-9EEC-630F6BA0596F}.Release|Any CPU.ActiveCfg = Release|Any CPU
		{CC81876D-2E4D-4E00-9EEC-630F6BA0596F}.Release|Any CPU.Build.0 = Release|Any CPU
	EndGlobalSection
	GlobalSection(SolutionProperties) = preSolution
		HideSolutionNode = FALSE
	EndGlobalSection
	GlobalSection(ExtensibilityGlobals) = postSolution
		SolutionGuid = {6FC8896D-B57D-4744-A5E4-4A6FE79E2734}
	EndGlobalSection
EndGlobal
